
Microsoft Visual Studio Solution File, Format Version 12.00
# Visual Studio Version 17
VisualStudioVersion = 17.0.31903.59
MinimumVisualStudioVersion = 10.0.40219.1
Project("{2150E333-8FDC-42A3-9474-1A3956D46DE8}") = "lib", "lib", "{3E0D9843-8677-4FD0-BB65-7DEAE87FB92B}"
EndProject
Project("{2150E333-8FDC-42A3-9474-1A3956D46DE8}") = "Kern", "Kern", "{332E13C0-8F9C-48B5-B255-B9140F1BB128}"
EndProject
Project("{2150E333-8FDC-42A3-9474-1A3956D46DE8}") = "src", "src", "{A6149F61-7E91-4AA8-9781-9D992E11FFE8}"
EndProject
Project("{FAE04EC0-301F-11D3-BF4B-00C04F79EFBC}") = "Kern", "lib\Kern\src\Kern\Kern.csproj", "{0CEF22F6-CBD7-41F2-B46A-0ABF62224E2B}"
EndProject
Project("{FAE04EC0-301F-11D3-BF4B-00C04F79EFBC}") = "Kern.AspNetCore", "lib\Kern\src\Kern.AspNetCore\Kern.AspNetCore.csproj", "{D52224B7-D443-47FD-99DD-4450031F149F}"
EndProject
Project("{2150E333-8FDC-42A3-9474-1A3956D46DE8}") = "src", "src", "{4BD0B279-B66A-4F6A-8E2E-9E0722EB282E}"
EndProject
Project("{FAE04EC0-301F-11D3-BF4B-00C04F79EFBC}") = "Shared", "src\Shared\Shared.csproj", "{BCE90E13-EB01-42FF-855A-ECB58B0BC9F9}"
EndProject
Project("{2150E333-8FDC-42A3-9474-1A3956D46DE8}") = "cmd", "cmd", "{A37F84CD-E264-4BE0-B51F-B1F21E3F5C21}"
EndProject
Project("{FAE04EC0-301F-11D3-BF4B-00C04F79EFBC}") = "Wobalization.Api", "src\cmd\Wobalization.Api\Wobalization.Api.csproj", "{BC301A1B-EEFD-4577-AA8D-B6C8D5B83649}"
EndProject
Project("{FAE04EC0-301F-11D3-BF4B-00C04F79EFBC}") = "Wobalization.Wasm", "src\cmd\Wobalization.Wasm\Wobalization.Wasm.csproj", "{72DB525C-FA92-4703-85EF-4FB4ED65C26E}"
EndProject
Global
	GlobalSection(SolutionConfigurationPlatforms) = preSolution
		Debug|Any CPU = Debug|Any CPU
		Release|Any CPU = Release|Any CPU
	EndGlobalSection
	GlobalSection(SolutionProperties) = preSolution
		HideSolutionNode = FALSE
	EndGlobalSection
	GlobalSection(ProjectConfigurationPlatforms) = postSolution
		{0CEF22F6-CBD7-41F2-B46A-0ABF62224E2B}.Debug|Any CPU.ActiveCfg = Debug|Any CPU
		{0CEF22F6-CBD7-41F2-B46A-0ABF62224E2B}.Debug|Any CPU.Build.0 = Debug|Any CPU
		{0CEF22F6-CBD7-41F2-B46A-0ABF62224E2B}.Release|Any CPU.ActiveCfg = Release|Any CPU
		{0CEF22F6-CBD7-41F2-B46A-0ABF62224E2B}.Release|Any CPU.Build.0 = Release|Any CPU
		{D52224B7-D443-47FD-99DD-4450031F149F}.Debug|Any CPU.ActiveCfg = Debug|Any CPU
		{D52224B7-D443-47FD-99DD-4450031F149F}.Debug|Any CPU.Build.0 = Debug|Any CPU
		{D52224B7-D443-47FD-99DD-4450031F149F}.Release|Any CPU.ActiveCfg = Release|Any CPU
		{D52224B7-D443-47FD-99DD-4450031F149F}.Release|Any CPU.Build.0 = Release|Any CPU
		{BCE90E13-EB01-42FF-855A-ECB58B0BC9F9}.Debug|Any CPU.ActiveCfg = Debug|Any CPU
		{BCE90E13-EB01-42FF-855A-ECB58B0BC9F9}.Debug|Any CPU.Build.0 = Debug|Any CPU
		{BCE90E13-EB01-42FF-855A-ECB58B0BC9F9}.Release|Any CPU.ActiveCfg = Release|Any CPU
		{BCE90E13-EB01-42FF-855A-ECB58B0BC9F9}.Release|Any CPU.Build.0 = Release|Any CPU
		{BC301A1B-EEFD-4577-AA8D-B6C8D5B83649}.Debug|Any CPU.ActiveCfg = Debug|Any CPU
		{BC301A1B-EEFD-4577-AA8D-B6C8D5B83649}.Debug|Any CPU.Build.0 = Debug|Any CPU
		{BC301A1B-EEFD-4577-AA8D-B6C8D5B83649}.Release|Any CPU.ActiveCfg = Release|Any CPU
		{BC301A1B-EEFD-4577-AA8D-B6C8D5B83649}.Release|Any CPU.Build.0 = Release|Any CPU
		{72DB525C-FA92-4703-85EF-4FB4ED65C26E}.Debug|Any CPU.ActiveCfg = Debug|Any CPU
		{72DB525C-FA92-4703-85EF-4FB4ED65C26E}.Debug|Any CPU.Build.0 = Debug|Any CPU
		{72DB525C-FA92-4703-85EF-4FB4ED65C26E}.Release|Any CPU.ActiveCfg = Release|Any CPU
		{72DB525C-FA92-4703-85EF-4FB4ED65C26E}.Release|Any CPU.Build.0 = Release|Any CPU
	EndGlobalSection
	GlobalSection(NestedProjects) = preSolution
		{332E13C0-8F9C-48B5-B255-B9140F1BB128} = {3E0D9843-8677-4FD0-BB65-7DEAE87FB92B}
		{A6149F61-7E91-4AA8-9781-9D992E11FFE8} = {332E13C0-8F9C-48B5-B255-B9140F1BB128}
		{0CEF22F6-CBD7-41F2-B46A-0ABF62224E2B} = {A6149F61-7E91-4AA8-9781-9D992E11FFE8}
		{D52224B7-D443-47FD-99DD-4450031F149F} = {A6149F61-7E91-4AA8-9781-9D992E11FFE8}
		{BCE90E13-EB01-42FF-855A-ECB58B0BC9F9} = {4BD0B279-B66A-4F6A-8E2E-9E0722EB282E}
		{A37F84CD-E264-4BE0-B51F-B1F21E3F5C21} = {4BD0B279-B66A-4F6A-8E2E-9E0722EB282E}
		{BC301A1B-EEFD-4577-AA8D-B6C8D5B83649} = {A37F84CD-E264-4BE0-B51F-B1F21E3F5C21}
		{72DB525C-FA92-4703-85EF-4FB4ED65C26E} = {A37F84CD-E264-4BE0-B51F-B1F21E3F5C21}
	EndGlobalSection
EndGlobal
